
Microsoft Visual Studio Solution File, Format Version 12.00
# Visual Studio Version 16
VisualStudioVersion = 16.0.31729.503
MinimumVisualStudioVersion = 10.0.40219.1
Project("{FAE04EC0-301F-11D3-BF4B-00C04F79EFBC}") = "HelloWorldConsoleApp", "HelloWorldConsoleApp\HelloWorldConsoleApp.csproj", "{AB154C54-7B95-44B7-8293-E6CD1BC1C026}"
EndProject
Global
	GlobalSection(SolutionConfigurationPlatforms) = preSolution
		Debug|Any CPU = Debug|Any CPU
		Release|Any CPU = Release|Any CPU
	EndGlobalSection
	GlobalSection(ProjectConfigurationPlatforms) = postSolution
		{AB154C54-7B95-44B7-8293-E6CD1BC1C026}.Debug|Any CPU.ActiveCfg = Debug|Any CPU
		{AB154C54-7B95-44B7-8293-E6CD1BC1C026}.Debug|Any CPU.Build.0 = Debug|Any CPU
		{AB154C54-7B95-44B7-8293-E6CD1BC1C026}.Release|Any CPU.ActiveCfg = Release|Any CPU
		{AB154C54-7B95-44B7-8293-E6CD1BC1C026}.Release|Any CPU.Build.0 = Release|Any CPU
	EndGlobalSection
	GlobalSection(SolutionProperties) = preSolution
		HideSolutionNode = FALSE
	EndGlobalSection
	GlobalSection(ExtensibilityGlobals) = postSolution
		SolutionGuid = {D5302866-A82A-48D7-87D9-9ABDAFD1B67F}
	EndGlobalSection
EndGlobal
